
Microsoft Visual Studio Solution File, Format Version 12.00
# Visual Studio 15
VisualStudioVersion = 15.0.26730.16
MinimumVisualStudioVersion = 10.0.40219.1
Project("{FAE04EC0-301F-11D3-BF4B-00C04F79EFBC}") = "OpenRealEstate.Core", "Code\OpenRealEstate.Core\OpenRealEstate.Core.csproj", "{E07F6317-2A69-445E-9BF7-8D084553FA68}"
EndProject
Project("{FAE04EC0-301F-11D3-BF4B-00C04F79EFBC}") = "OpenRealEstate.Tests", "Code\OpenRealEstate.Tests\OpenRealEstate.Tests.csproj", "{03636072-26F1-4837-B036-72997C7906C8}"
EndProject
Project("{FAE04EC0-301F-11D3-BF4B-00C04F79EFBC}") = "OpenRealEstate.Services", "Code\OpenRealEstate.Services\OpenRealEstate.Services.csproj", "{629E585C-9CD6-4F0D-9074-769DF0CEF540}"
EndProject
Project("{FAE04EC0-301F-11D3-BF4B-00C04F79EFBC}") = "OpenRealEstate.WebSite", "Code\OpenRealEstate.WebSite\OpenRealEstate.WebSite.csproj", "{61E8C5BB-CA95-411F-B019-990DCF47C257}"
EndProject
Project("{FAE04EC0-301F-11D3-BF4B-00C04F79EFBC}") = "OpenRealEstate.Validation", "Code\OpenRealEstate.Validation\OpenRealEstate.Validation.csproj", "{8293644E-3DF3-4E12-8C4F-80712F24598F}"
EndProject
Project("{FAE04EC0-301F-11D3-BF4B-00C04F79EFBC}") = "OpenRealEstate.FakeData", "Code\OpenRealEstate.FakeData\OpenRealEstate.FakeData.csproj", "{E4185089-392B-4216-9E24-4B2B9E4FAAFD}"
EndProject
Global
	GlobalSection(SolutionConfigurationPlatforms) = preSolution
		Debug|Any CPU = Debug|Any CPU
		Release|Any CPU = Release|Any CPU
	EndGlobalSection
	GlobalSection(ProjectConfigurationPlatforms) = postSolution
		{E07F6317-2A69-445E-9BF7-8D084553FA68}.Debug|Any CPU.ActiveCfg = Debug|Any CPU
		{E07F6317-2A69-445E-9BF7-8D084553FA68}.Debug|Any CPU.Build.0 = Debug|Any CPU
		{E07F6317-2A69-445E-9BF7-8D084553FA68}.Release|Any CPU.ActiveCfg = Release|Any CPU
		{E07F6317-2A69-445E-9BF7-8D084553FA68}.Release|Any CPU.Build.0 = Release|Any CPU
		{03636072-26F1-4837-B036-72997C7906C8}.Debug|Any CPU.ActiveCfg = Debug|Any CPU
		{03636072-26F1-4837-B036-72997C7906C8}.Debug|Any CPU.Build.0 = Debug|Any CPU
		{03636072-26F1-4837-B036-72997C7906C8}.Release|Any CPU.ActiveCfg = Release|Any CPU
		{03636072-26F1-4837-B036-72997C7906C8}.Release|Any CPU.Build.0 = Release|Any CPU
		{629E585C-9CD6-4F0D-9074-769DF0CEF540}.Debug|Any CPU.ActiveCfg = Debug|Any CPU
		{629E585C-9CD6-4F0D-9074-769DF0CEF540}.Debug|Any CPU.Build.0 = Debug|Any CPU
		{629E585C-9CD6-4F0D-9074-769DF0CEF540}.Release|Any CPU.ActiveCfg = Release|Any CPU
		{629E585C-9CD6-4F0D-9074-769DF0CEF540}.Release|Any CPU.Build.0 = Release|Any CPU
		{61E8C5BB-CA95-411F-B019-990DCF47C257}.Debug|Any CPU.ActiveCfg = Debug|Any CPU
		{61E8C5BB-CA95-411F-B019-990DCF47C257}.Debug|Any CPU.Build.0 = Debug|Any CPU
		{61E8C5BB-CA95-411F-B019-990DCF47C257}.Release|Any CPU.ActiveCfg = Release|Any CPU
		{61E8C5BB-CA95-411F-B019-990DCF47C257}.Release|Any CPU.Build.0 = Release|Any CPU
		{8293644E-3DF3-4E12-8C4F-80712F24598F}.Debug|Any CPU.ActiveCfg = Debug|Any CPU
		{8293644E-3DF3-4E12-8C4F-80712F24598F}.Debug|Any CPU.Build.0 = Debug|Any CPU
		{8293644E-3DF3-4E12-8C4F-80712F24598F}.Release|Any CPU.ActiveCfg = Release|Any CPU
		{8293644E-3DF3-4E12-8C4F-80712F24598F}.Release|Any CPU.Build.0 = Release|Any CPU
		{E4185089-392B-4216-9E24-4B2B9E4FAAFD}.Debug|Any CPU.ActiveCfg = Debug|Any CPU
		{E4185089-392B-4216-9E24-4B2B9E4FAAFD}.Debug|Any CPU.Build.0 = Debug|Any CPU
		{E4185089-392B-4216-9E24-4B2B9E4FAAFD}.Release|Any CPU.ActiveCfg = Release|Any CPU
		{E4185089-392B-4216-9E24-4B2B9E4FAAFD}.Release|Any CPU.Build.0 = Release|Any CPU
	EndGlobalSection
	GlobalSection(SolutionProperties) = preSolution
		HideSolutionNode = FALSE
	EndGlobalSection
	GlobalSection(ExtensibilityGlobals) = postSolution
		SolutionGuid = {B55B4338-B680-4FA1-BEF0-2DD77D9E3072}
	EndGlobalSection
EndGlobal
